
Microsoft Visual Studio Solution File, Format Version 12.00
# Visual Studio 15
VisualStudioVersion = 15.0.27703.2035
MinimumVisualStudioVersion = 10.0.40219.1
Project("{FAE04EC0-301F-11D3-BF4B-00C04F79EFBC}") = "PronetB2B", "PronetB2B\PronetB2B.csproj", "{FFF3CD35-3537-4452-85EC-58E3AC1FB523}"
EndProject
Project("{FAE04EC0-301F-11D3-BF4B-00C04F79EFBC}") = "B2BData", "B2BData\B2BData.csproj", "{0D65A198-189B-454B-824C-34AC2ECAB444}"
EndProject
Project("{FAE04EC0-301F-11D3-BF4B-00C04F79EFBC}") = "B2BLogical", "B2BLogical\B2BLogical.csproj", "{11FF3316-7F00-4EBC-891D-915C8BB2A414}"
EndProject
Project("{2150E333-8FDC-42A3-9474-1A3956D46DE8}") = "Solution Items", "Solution Items", "{3DDFE601-364D-4803-A44A-A5438EC838F8}"
	ProjectSection(SolutionItems) = preProject
		API.docx = API.docx
		Сроки разработки b2b системы Pronet.docx = Сроки разработки b2b системы Pronet.docx
	EndProjectSection
EndProject
Project("{FAE04EC0-301F-11D3-BF4B-00C04F79EFBC}") = "Test", "Test\Test.csproj", "{88D610B4-91CE-4267-B23F-3A8C26C0C154}"
EndProject
Project("{FAE04EC0-301F-11D3-BF4B-00C04F79EFBC}") = "Service", "..\..\YandexDisk\Проекты\Pronet\PronetB2B\Service\Service.csproj", "{5081FD01-53F3-4F22-9CCD-B1099FACEC8F}"
EndProject
Project("{FAE04EC0-301F-11D3-BF4B-00C04F79EFBC}") = "TestForm", "TestForm\TestForm.csproj", "{8F21F9EC-FF54-4118-8480-7C8F0E3C44B5}"
EndProject
Global
	GlobalSection(SolutionConfigurationPlatforms) = preSolution
		Debug|Any CPU = Debug|Any CPU
		Release|Any CPU = Release|Any CPU
	EndGlobalSection
	GlobalSection(ProjectConfigurationPlatforms) = postSolution
		{FFF3CD35-3537-4452-85EC-58E3AC1FB523}.Debug|Any CPU.ActiveCfg = Debug|Any CPU
		{FFF3CD35-3537-4452-85EC-58E3AC1FB523}.Debug|Any CPU.Build.0 = Debug|Any CPU
		{FFF3CD35-3537-4452-85EC-58E3AC1FB523}.Release|Any CPU.ActiveCfg = Release|Any CPU
		{FFF3CD35-3537-4452-85EC-58E3AC1FB523}.Release|Any CPU.Build.0 = Release|Any CPU
		{0D65A198-189B-454B-824C-34AC2ECAB444}.Debug|Any CPU.ActiveCfg = Debug|Any CPU
		{0D65A198-189B-454B-824C-34AC2ECAB444}.Debug|Any CPU.Build.0 = Debug|Any CPU
		{0D65A198-189B-454B-824C-34AC2ECAB444}.Release|Any CPU.ActiveCfg = Release|Any CPU
		{0D65A198-189B-454B-824C-34AC2ECAB444}.Release|Any CPU.Build.0 = Release|Any CPU
		{11FF3316-7F00-4EBC-891D-915C8BB2A414}.Debug|Any CPU.ActiveCfg = Debug|Any CPU
		{11FF3316-7F00-4EBC-891D-915C8BB2A414}.Debug|Any CPU.Build.0 = Debug|Any CPU
		{11FF3316-7F00-4EBC-891D-915C8BB2A414}.Release|Any CPU.ActiveCfg = Release|Any CPU
		{11FF3316-7F00-4EBC-891D-915C8BB2A414}.Release|Any CPU.Build.0 = Release|Any CPU
		{88D610B4-91CE-4267-B23F-3A8C26C0C154}.Debug|Any CPU.ActiveCfg = Debug|Any CPU
		{88D610B4-91CE-4267-B23F-3A8C26C0C154}.Debug|Any CPU.Build.0 = Debug|Any CPU
		{88D610B4-91CE-4267-B23F-3A8C26C0C154}.Release|Any CPU.ActiveCfg = Release|Any CPU
		{88D610B4-91CE-4267-B23F-3A8C26C0C154}.Release|Any CPU.Build.0 = Release|Any CPU
		{5081FD01-53F3-4F22-9CCD-B1099FACEC8F}.Debug|Any CPU.ActiveCfg = Debug|Any CPU
		{5081FD01-53F3-4F22-9CCD-B1099FACEC8F}.Debug|Any CPU.Build.0 = Debug|Any CPU
		{5081FD01-53F3-4F22-9CCD-B1099FACEC8F}.Release|Any CPU.ActiveCfg = Release|Any CPU
		{5081FD01-53F3-4F22-9CCD-B1099FACEC8F}.Release|Any CPU.Build.0 = Release|Any CPU
		{8F21F9EC-FF54-4118-8480-7C8F0E3C44B5}.Debug|Any CPU.ActiveCfg = Debug|Any CPU
		{8F21F9EC-FF54-4118-8480-7C8F0E3C44B5}.Debug|Any CPU.Build.0 = Debug|Any CPU
		{8F21F9EC-FF54-4118-8480-7C8F0E3C44B5}.Release|Any CPU.ActiveCfg = Release|Any CPU
		{8F21F9EC-FF54-4118-8480-7C8F0E3C44B5}.Release|Any CPU.Build.0 = Release|Any CPU
	EndGlobalSection
	GlobalSection(SolutionProperties) = preSolution
		HideSolutionNode = FALSE
	EndGlobalSection
	GlobalSection(ExtensibilityGlobals) = postSolution
		SolutionGuid = {838B41A6-2B0D-4054-B410-C95BA8D42344}
	EndGlobalSection
EndGlobal
